
Microsoft Visual Studio Solution File, Format Version 12.00
# Visual Studio Version 17
VisualStudioVersion = 17.4.33213.308
MinimumVisualStudioVersion = 10.0.40219.1
Project("{FAE04EC0-301F-11D3-BF4B-00C04F79EFBC}") = "ADO_WPF_HomeWork_app", "ADO_WPF_HomeWork_app.csproj", "{4D42183A-9112-42B8-BB11-52A3DAEC7D7D}"
EndProject
Global
	GlobalSection(SolutionConfigurationPlatforms) = preSolution
		Debug|Any CPU = Debug|Any CPU
		Release|Any CPU = Release|Any CPU
	EndGlobalSection
	GlobalSection(ProjectConfigurationPlatforms) = postSolution
		{4D42183A-9112-42B8-BB11-52A3DAEC7D7D}.Debug|Any CPU.ActiveCfg = Debug|Any CPU
		{4D42183A-9112-42B8-BB11-52A3DAEC7D7D}.Debug|Any CPU.Build.0 = Debug|Any CPU
		{4D42183A-9112-42B8-BB11-52A3DAEC7D7D}.Release|Any CPU.ActiveCfg = Release|Any CPU
		{4D42183A-9112-42B8-BB11-52A3DAEC7D7D}.Release|Any CPU.Build.0 = Release|Any CPU
	EndGlobalSection
	GlobalSection(SolutionProperties) = preSolution
		HideSolutionNode = FALSE
	EndGlobalSection
	GlobalSection(ExtensibilityGlobals) = postSolution
		SolutionGuid = {633606CE-7DC8-4B87-A0B9-841955BB66C2}
	EndGlobalSection
EndGlobal
